
Microsoft Visual Studio Solution File, Format Version 12.00
# Visual Studio Version 17
VisualStudioVersion = 17.5.33627.172
MinimumVisualStudioVersion = 10.0.40219.1
Project("{FAE04EC0-301F-11D3-BF4B-00C04F79EFBC}") = "PasswordMgr", "PasswordMgr.csproj", "{96110540-9515-4957-B80C-52D7015136DA}"
EndProject
Global
	GlobalSection(SolutionConfigurationPlatforms) = preSolution
		Debug|Any CPU = Debug|Any CPU
		Release|Any CPU = Release|Any CPU
	EndGlobalSection
	GlobalSection(ProjectConfigurationPlatforms) = postSolution
		{96110540-9515-4957-B80C-52D7015136DA}.Debug|Any CPU.ActiveCfg = Debug|Any CPU
		{96110540-9515-4957-B80C-52D7015136DA}.Debug|Any CPU.Build.0 = Debug|Any CPU
		{96110540-9515-4957-B80C-52D7015136DA}.Release|Any CPU.ActiveCfg = Release|Any CPU
		{96110540-9515-4957-B80C-52D7015136DA}.Release|Any CPU.Build.0 = Release|Any CPU
	EndGlobalSection
	GlobalSection(SolutionProperties) = preSolution
		HideSolutionNode = FALSE
	EndGlobalSection
	GlobalSection(ExtensibilityGlobals) = postSolution
		SolutionGuid = {D1243BB8-F7FA-4CE7-A2EB-6D1292E189BD}
	EndGlobalSection
EndGlobal
